<?xml version="1.0" encoding="utf-8"?>
<Project ToolsVersion="4.0" xmlns="http://schemas.microsoft.com/developer/msbuild/2003">
  <ItemGroup>
    <Filter Include="Source Files">
      <UniqueIdentifier>{4FC737F1-C7A5-4376-A066-2A32D752A2FF}</UniqueIdentifier>
      <Extensions>cpp;c;cc;cxx;def;odl;idl;hpj;bat;asm;asmx</Extensions>
    </Filter>
    <Filter Include="Source Files">
      <UniqueIdentifier>{93995380-89BD-4b04-88EB-625FBE52EBFB}</UniqueIdentifier>
      <Extensions>h;hh;hpp;hxx;hm;inl;inc;xsd</Extensions>
    </Filter>
    <Filter Include="Resource Files">
      <UniqueIdentifier>{67DA6AB6-F800-4c08-8B7A-83BB121AAD01}</UniqueIdentifier>
      <Extensions>rc;ico;cur;bmp;dlg;rc2;rct;bin;rgs;gif;jpg;jpeg;jpe;resx;tiff;tif;png;wav;mfcribbon-ms</Extensions>
    </Filter>
    <Filter Include="Source Files\Model">
      <UniqueIdentifier>{cdab3501-c179-42cc-9337-195def51b631}</UniqueIdentifier>
    </Filter>
    <Filter Include="Source Files\World">
      <UniqueIdentifier>{2f09dcb6-1a93-4636-a9bc-820a4f954898}</UniqueIdentifier>
    </Filter>
    <Filter Include="Source Files\Engine">
      <UniqueIdentifier>{6c138542-46ca-4b70-bba1-e21ce2fa345f}</UniqueIdentifier>
    </Filter>
    <Filter Include="Source Files\Loaders">
      <UniqueIdentifier>{e072a094-328e-4b93-88a6-399f08c10085}</UniqueIdentifier>
    </Filter>
    <Filter Include="Source Files\Shaders">
      <UniqueIdentifier>{177130ad-c94a-4bc2-85e2-1dfd0aee0f35}</UniqueIdentifier>
    </Filter>
    <Filter Include="Source Files\Scripts">
      <UniqueIdentifier>{8c5c1b2b-2e71-48ca-8419-f9ea5457b31d}</UniqueIdentifier>
    </Filter>
    <Filter Include="Source Files\Screens">
      <UniqueIdentifier>{08cb08b0-5ebd-44a9-8de4-1381986aac4f}</UniqueIdentifier>
    </Filter>
    <Filter Include="Scripts">
      <UniqueIdentifier>{f921fbe1-c15a-479d-a5e0-4abb3d4ccb26}</UniqueIdentifier>
    </Filter>
    <Filter Include="Source Files\Input">
      <UniqueIdentifier>{ddf89f1d-b707-4aac-b4dc-b67a13e6db35}</UniqueIdentifier>
    </Filter>
    <Filter Include="Source Files\Terrain">
      <UniqueIdentifier>{cbda8b36-e8a7-4273-90e7-cbf71a5b82ee}</UniqueIdentifier>
    </Filter>
    <Filter Include="Source Files\Screens\UIControls">
      <UniqueIdentifier>{2ea386ae-b7b4-4533-a48c-c57eef86270b}</UniqueIdentifier>
    </Filter>
  </ItemGroup>
  <ItemGroup>
    <ClCompile Include="Physics.cpp">
      <Filter>Source Files\Engine</Filter>
    </ClCompile>
    <ClCompile Include="Graphics.cpp">
      <Filter>Source Files\Engine</Filter>
    </ClCompile>
    <ClCompile Include="ResLoader.cpp">
      <Filter>Source Files\Loaders</Filter>
    </ClCompile>
    <ClCompile Include="Game.cpp">
      <Filter>Source Files\Engine</Filter>
    </ClCompile>
    <ClCompile Include="ScriptManager.cpp">
      <Filter>Source Files\Scripts</Filter>
    </ClCompile>
    <ClCompile Include="ScreenManager.cpp">
      <Filter>Source Files\Screens</Filter>
    </ClCompile>
    <ClCompile Include="Screen.cpp">
      <Filter>Source Files\Screens</Filter>
    </ClCompile>
    <ClCompile Include="Script.cpp">
      <Filter>Source Files\Scripts</Filter>
    </ClCompile>
    <ClCompile Include="ScriptLoader.cpp">
      <Filter>Source Files\Scripts</Filter>
    </ClCompile>
    <ClCompile Include="DebugGraphics.cpp">
      <Filter>Source Files\Engine</Filter>
    </ClCompile>
    <ClCompile Include="UIScreen.cpp">
      <Filter>Source Files\Screens</Filter>
    </ClCompile>
    <ClCompile Include="Sprite.cpp">
      <Filter>Source Files\Model</Filter>
    </ClCompile>
    <ClCompile Include="ModelLoader.cpp">
      <Filter>Source Files\Loaders</Filter>
    </ClCompile>
    <ClCompile Include="FPS.cpp">
      <Filter>Source Files\Engine</Filter>
    </ClCompile>
    <ClCompile Include="KeyboardInput.cpp">
      <Filter>Source Files\Input</Filter>
    </ClCompile>
    <ClCompile Include="Font.cpp">
      <Filter>Source Files\Engine</Filter>
    </ClCompile>
    <ClCompile Include="FontLoader.cpp">
      <Filter>Source Files\Loaders</Filter>
    </ClCompile>
    <ClCompile Include="GraphicsHandles.cpp">
      <Filter>Source Files\Model</Filter>
    </ClCompile>
    <ClCompile Include="GLHandles.cpp">
      <Filter>Source Files\Model</Filter>
    </ClCompile>
    <ClCompile Include="SpriteLoader.cpp">
      <Filter>Source Files\Loaders</Filter>
    </ClCompile>
    <ClCompile Include="VertexArray.cpp">
      <Filter>Source Files\Model</Filter>
    </ClCompile>
    <ClCompile Include="Terrain.cpp">
      <Filter>Source Files\World</Filter>
    </ClCompile>
    <ClCompile Include="TerrainLoader.cpp">
      <Filter>Source Files\Loaders</Filter>
    </ClCompile>
    <ClCompile Include="NoiseGenerator2D.cpp">
      <Filter>Source Files\Terrain</Filter>
    </ClCompile>
    <ClCompile Include="PerlinGenerator.cpp">
      <Filter>Source Files\Terrain</Filter>
    </ClCompile>
    <ClCompile Include="SulphurEntity.cpp">
      <Filter>Source Files\World</Filter>
    </ClCompile>
    <ClCompile Include="SulphurWorld.cpp">
      <Filter>Source Files\World</Filter>
    </ClCompile>
    <ClCompile Include="UIButton.cpp">
      <Filter>Source Files\Screens\UIControls</Filter>
    </ClCompile>
    <ClCompile Include="InputManager.cpp">
      <Filter>Source Files\Input</Filter>
    </ClCompile>
    <ClCompile Include="Camera.cpp">
      <Filter>Source Files\Engine</Filter>
    </ClCompile>
    <ClCompile Include="IndexBuffer.cpp">
      <Filter>Source Files\Model</Filter>
    </ClCompile>
    <ClCompile Include="MouseInput.cpp">
      <Filter>Source Files\Input</Filter>
    </ClCompile>
    <ClCompile Include="Shader.cpp">
      <Filter>Source Files\Engine</Filter>
    </ClCompile>
  </ItemGroup>
  <ItemGroup>
    <ClInclude Include="Game.h">
      <Filter>Source Files\Engine</Filter>
    </ClInclude>
    <ClInclude Include="Physics.h">
      <Filter>Source Files\Engine</Filter>
    </ClInclude>
    <ClInclude Include="Graphics.h">
      <Filter>Source Files\Engine</Filter>
    </ClInclude>
    <ClInclude Include="ResLoader.h">
      <Filter>Source Files\Loaders</Filter>
    </ClInclude>
    <ClInclude Include="Model.h">
      <Filter>Source Files\Model</Filter>
    </ClInclude>
    <ClInclude Include="ModelInstance.h">
      <Filter>Source Files\Model</Filter>
    </ClInclude>
    <ClInclude Include="Screen.h">
      <Filter>Source Files\Screens</Filter>
    </ClInclude>
    <ClInclude Include="ScreenManager.h">
      <Filter>Source Files\Screens</Filter>
    </ClInclude>
    <ClInclude Include="Script.h">
      <Filter>Source Files\Scripts</Filter>
    </ClInclude>
    <ClInclude Include="ScriptLoader.h">
      <Filter>Source Files\Scripts</Filter>
    </ClInclude>
    <ClInclude Include="ScriptManager.h">
      <Filter>Source Files\Scripts</Filter>
    </ClInclude>
    <ClInclude Include="DebugGraphics.h">
      <Filter>Source Files\Engine</Filter>
    </ClInclude>
    <ClInclude Include="UIScreen.h">
      <Filter>Source Files\Screens</Filter>
    </ClInclude>
    <ClInclude Include="Sprite.h">
      <Filter>Source Files\Model</Filter>
    </ClInclude>
    <ClInclude Include="ModelLoader.h">
      <Filter>Source Files\Loaders</Filter>
    </ClInclude>
    <ClInclude Include="VertexArray.h">
      <Filter>Source Files\Model</Filter>
    </ClInclude>
    <ClInclude Include="FPS.h">
      <Filter>Source Files\Engine</Filter>
    </ClInclude>
    <ClInclude Include="InputManager.h">
      <Filter>Source Files\Input</Filter>
    </ClInclude>
    <ClInclude Include="KeyboardInput.h">
      <Filter>Source Files\Input</Filter>
    </ClInclude>
    <ClInclude Include="GraphicsHandles.h">
      <Filter>Source Files\Model</Filter>
    </ClInclude>
    <ClInclude Include="Font.h">
      <Filter>Source Files\Engine</Filter>
    </ClInclude>
    <ClInclude Include="FontLoader.h">
      <Filter>Source Files\Loaders</Filter>
    </ClInclude>
    <ClInclude Include="GLHandles.h">
      <Filter>Source Files\Model</Filter>
    </ClInclude>
    <ClInclude Include="SpriteLoader.h">
      <Filter>Source Files\Loaders</Filter>
    </ClInclude>
    <ClInclude Include="RAIIHelper.h">
      <Filter>Source Files</Filter>
    </ClInclude>
    <ClInclude Include="Terrain.h">
      <Filter>Source Files\World</Filter>
    </ClInclude>
    <ClInclude Include="TerrainLoader.h">
      <Filter>Source Files\Loaders</Filter>
    </ClInclude>
    <ClInclude Include="GraphicsLoader.h">
      <Filter>Source Files\Loaders</Filter>
    </ClInclude>
    <ClInclude Include="NoiseGenerator2D.h">
      <Filter>Source Files\Terrain</Filter>
    </ClInclude>
    <ClInclude Include="Generator.h">
      <Filter>Source Files\Terrain</Filter>
    </ClInclude>
    <ClInclude Include="PerlinGenerator.h">
      <Filter>Source Files\Terrain</Filter>
    </ClInclude>
    <ClInclude Include="SulphurEntity.h">
      <Filter>Source Files\World</Filter>
    </ClInclude>
    <ClInclude Include="SulphurWorld.h">
      <Filter>Source Files\World</Filter>
    </ClInclude>
    <ClInclude Include="UIControl.h">
      <Filter>Source Files\Screens\UIControls</Filter>
    </ClInclude>
    <ClInclude Include="UIButton.h">
      <Filter>Source Files\Screens\UIControls</Filter>
    </ClInclude>
    <ClInclude Include="WindowUser.h">
      <Filter>Source Files\Input</Filter>
    </ClInclude>
    <ClInclude Include="Keys.h">
      <Filter>Source Files\Input</Filter>
    </ClInclude>
    <ClInclude Include="Camera.h">
      <Filter>Source Files\Engine</Filter>
    </ClInclude>
    <ClInclude Include="IndexBuffer.h">
      <Filter>Source Files\Model</Filter>
    </ClInclude>
    <ClInclude Include="GLTemplateTypeHelper.h">
      <Filter>Source Files\Loaders</Filter>
    </ClInclude>
    <ClInclude Include="MouseInput.h">
      <Filter>Source Files\Input</Filter>
    </ClInclude>
    <ClInclude Include="Shader.h">
      <Filter>Source Files\Engine</Filter>
    </ClInclude>
    <ClInclude Include="Texture.h">
      <Filter>Source Files\Model</Filter>
    </ClInclude>
  </ItemGroup>
  <ItemGroup>
    <None Include="vert2d.glsl">
      <Filter>Source Files\Shaders</Filter>
    </None>
    <None Include="frag2d.glsl">
      <Filter>Source Files\Shaders</Filter>
    </None>
    <None Include="vert3d.glsl">
      <Filter>Source Files\Shaders</Filter>
    </None>
    <None Include="frag3d.glsl">
      <Filter>Source Files\Shaders</Filter>
    </None>
    <None Include="frag3dcolor.glsl">
      <Filter>Source Files\Shaders</Filter>
    </None>
    <None Include="vert3dcolor.glsl">
      <Filter>Source Files\Shaders</Filter>
    </None>
  </ItemGroup>
  <ItemGroup>
    <Text Include="ScriptIndex.txt" />
    <Text Include="Scripts\ScriptIndex.txt">
      <Filter>Scripts</Filter>
    </Text>
    <Text Include="Scripts\testScript.txt">
      <Filter>Scripts</Filter>
    </Text>
  </ItemGroup>
</Project>